
Microsoft Visual Studio Solution File, Format Version 12.00
# Visual Studio Version 16
VisualStudioVersion = 16.0.30320.27
MinimumVisualStudioVersion = 10.0.40219.1
Project("{FAE04EC0-301F-11D3-BF4B-00C04F79EFBC}") = "2021OOP - CoffeeShop", "2021OOP - CoffeeShop\2021OOP - CoffeeShop.csproj", "{A6A21540-4A73-4BED-9465-844B6643245F}"
EndProject
Global
	GlobalSection(SolutionConfigurationPlatforms) = preSolution
		Debug|Any CPU = Debug|Any CPU
		Release|Any CPU = Release|Any CPU
	EndGlobalSection
	GlobalSection(ProjectConfigurationPlatforms) = postSolution
		{A6A21540-4A73-4BED-9465-844B6643245F}.Debug|Any CPU.ActiveCfg = Debug|Any CPU
		{A6A21540-4A73-4BED-9465-844B6643245F}.Debug|Any CPU.Build.0 = Debug|Any CPU
		{A6A21540-4A73-4BED-9465-844B6643245F}.Release|Any CPU.ActiveCfg = Release|Any CPU
		{A6A21540-4A73-4BED-9465-844B6643245F}.Release|Any CPU.Build.0 = Release|Any CPU
	EndGlobalSection
	GlobalSection(SolutionProperties) = preSolution
		HideSolutionNode = FALSE
	EndGlobalSection
	GlobalSection(ExtensibilityGlobals) = postSolution
		SolutionGuid = {CCA4B831-B300-433B-BAF6-0B974C0D5A1A}
	EndGlobalSection
EndGlobal
